
Microsoft Visual Studio Solution File, Format Version 12.00
# Visual Studio Version 17
VisualStudioVersion = 17.1.32328.378
MinimumVisualStudioVersion = 10.0.40219.1
Project("{FAE04EC0-301F-11D3-BF4B-00C04F79EFBC}") = "Steam Validator", "Steam Validator\Steam Validator.csproj", "{9CECC9E7-8A8B-4ADD-8A87-43B9F9402BD4}"
EndProject
Global
	GlobalSection(SolutionConfigurationPlatforms) = preSolution
		Debug|Any CPU = Debug|Any CPU
		Release|Any CPU = Release|Any CPU
	EndGlobalSection
	GlobalSection(ProjectConfigurationPlatforms) = postSolution
		{9CECC9E7-8A8B-4ADD-8A87-43B9F9402BD4}.Debug|Any CPU.ActiveCfg = Debug|Any CPU
		{9CECC9E7-8A8B-4ADD-8A87-43B9F9402BD4}.Debug|Any CPU.Build.0 = Debug|Any CPU
		{9CECC9E7-8A8B-4ADD-8A87-43B9F9402BD4}.Release|Any CPU.ActiveCfg = Release|Any CPU
		{9CECC9E7-8A8B-4ADD-8A87-43B9F9402BD4}.Release|Any CPU.Build.0 = Release|Any CPU
	EndGlobalSection
	GlobalSection(SolutionProperties) = preSolution
		HideSolutionNode = FALSE
	EndGlobalSection
	GlobalSection(ExtensibilityGlobals) = postSolution
		SolutionGuid = {CE1E6951-4944-44B0-AB46-F7FE2C3C1832}
	EndGlobalSection
EndGlobal
